// !$*UTF8*$!
{
	archiveVersion = 1;
	classes = {
	};
	objectVersion = 46;
	objects = {

/* Begin PBXBuildFile section */
		844C3B4F1F90C6C2008850C2 /* main.m in Sources */ = {isa = PBXBuildFile; fileRef = 844C3B4E1F90C6C2008850C2 /* main.m */; };
		844C3B521F90C6C2008850C2 /* AppDelegate.m in Sources */ = {isa = PBXBuildFile; fileRef = 844C3B511F90C6C2008850C2 /* AppDelegate.m */; };
		844C3B551F90C6C2008850C2 /* ViewController.m in Sources */ = {isa = PBXBuildFile; fileRef = 844C3B541F90C6C2008850C2 /* ViewController.m */; };
		844C3B581F90C6C2008850C2 /* Main.storyboard in Resources */ = {isa = PBXBuildFile; fileRef = 844C3B561F90C6C2008850C2 /* Main.storyboard */; };
		844C3B5A1F90C6C2008850C2 /* Assets.xcassets in Resources */ = {isa = PBXBuildFile; fileRef = 844C3B591F90C6C2008850C2 /* Assets.xcassets */; };
		844C3B5D1F90C6C2008850C2 /* LaunchScreen.storyboard in Resources */ = {isa = PBXBuildFile; fileRef = 844C3B5B1F90C6C2008850C2 /* LaunchScreen.storyboard */; };
		844C3B681F90C6C2008850C2 /* ChartNewUseTests.m in Sources */ = {isa = PBXBuildFile; fileRef = 844C3B671F90C6C2008850C2 /* ChartNewUseTests.m */; };
		844C3B731F90C6C3008850C2 /* ChartNewUseUITests.m in Sources */ = {isa = PBXBuildFile; fileRef = 844C3B721F90C6C3008850C2 /* ChartNewUseUITests.m */; };
		844C3B901F90C7B2008850C2 /* my.swift in Sources */ = {isa = PBXBuildFile; fileRef = 844C3B8F1F90C7B2008850C2 /* my.swift */; };
		844C3B9B1F90C9EE008850C2 /* Charts.framework in Frameworks */ = {isa = PBXBuildFile; fileRef = 844C3B981F90C9D8008850C2 /* Charts.framework */; };
		844C3B9C1F90C9EE008850C2 /* Charts.framework in Embed Frameworks */ = {isa = PBXBuildFile; fileRef = 844C3B981F90C9D8008850C2 /* Charts.framework */; settings = {ATTRIBUTES = (CodeSignOnCopy, RemoveHeadersOnCopy, ); }; };
		844C3BBE1F90CC75008850C2 /* Info.plist in Resources */ = {isa = PBXBuildFile; fileRef = 844C3BA11F90CC75008850C2 /* Info.plist */; };
		844C3BBF1F90CC75008850C2 /* MASCompositeConstraint.m in Sources */ = {isa = PBXBuildFile; fileRef = 844C3BA31F90CC75008850C2 /* MASCompositeConstraint.m */; };
		844C3BC01F90CC75008850C2 /* MASConstraint.m in Sources */ = {isa = PBXBuildFile; fileRef = 844C3BA61F90CC75008850C2 /* MASConstraint.m */; };
		844C3BC11F90CC75008850C2 /* MASConstraintMaker.m in Sources */ = {isa = PBXBuildFile; fileRef = 844C3BA81F90CC75008850C2 /* MASConstraintMaker.m */; };
		844C3BC21F90CC75008850C2 /* MASLayoutConstraint.m in Sources */ = {isa = PBXBuildFile; fileRef = 844C3BAA1F90CC75008850C2 /* MASLayoutConstraint.m */; };
		844C3BC31F90CC75008850C2 /* MASViewAttribute.m in Sources */ = {isa = PBXBuildFile; fileRef = 844C3BAE1F90CC75008850C2 /* MASViewAttribute.m */; };
		844C3BC41F90CC75008850C2 /* MASViewConstraint.m in Sources */ = {isa = PBXBuildFile; fileRef = 844C3BB01F90CC75008850C2 /* MASViewConstraint.m */; };
		844C3BC51F90CC75008850C2 /* NSArray+MASAdditions.m in Sources */ = {isa = PBXBuildFile; fileRef = 844C3BB21F90CC75008850C2 /* NSArray+MASAdditions.m */; };
		844C3BC61F90CC75008850C2 /* NSLayoutConstraint+MASDebugAdditions.m in Sources */ = {isa = PBXBuildFile; fileRef = 844C3BB51F90CC75008850C2 /* NSLayoutConstraint+MASDebugAdditions.m */; };
		844C3BC71F90CC75008850C2 /* View+MASAdditions.m in Sources */ = {isa = PBXBuildFile; fileRef = 844C3BB71F90CC75008850C2 /* View+MASAdditions.m */; };
		844C3BC81F90CC75008850C2 /* ViewController+MASAdditions.m in Sources */ = {isa = PBXBuildFile; fileRef = 844C3BBA1F90CC75008850C2 /* ViewController+MASAdditions.m */; };
		844C3BCA1F90CC75008850C2 /* ViewController.xib in Resources */ = {isa = PBXBuildFile; fileRef = 844C3BBD1F90CC75008850C2 /* ViewController.xib */; };
/* End PBXBuildFile section */

/* Begin PBXContainerItemProxy section */
		844C3B641F90C6C2008850C2 /* PBXContainerItemProxy */ = {
			isa = PBXContainerItemProxy;
			containerPortal = 844C3B421F90C6C2008850C2 /* Project object */;
			proxyType = 1;
			remoteGlobalIDString = 844C3B491F90C6C2008850C2;
			remoteInfo = ChartNewUse;
		};
		844C3B6F1F90C6C3008850C2 /* PBXContainerItemProxy */ = {
			isa = PBXContainerItemProxy;
			containerPortal = 844C3B421F90C6C2008850C2 /* Project object */;
			proxyType = 1;
			remoteGlobalIDString = 844C3B491F90C6C2008850C2;
			remoteInfo = ChartNewUse;
		};
		844C3B971F90C9D8008850C2 /* PBXContainerItemProxy */ = {
			isa = PBXContainerItemProxy;
			containerPortal = 844C3B921F90C9D8008850C2 /* Charts.xcodeproj */;
			proxyType = 2;
			remoteGlobalIDString = 65AD9E95D9ED4DC0BD73A743;
			remoteInfo = Charts;
		};
		844C3B991F90C9D8008850C2 /* PBXContainerItemProxy */ = {
			isa = PBXContainerItemProxy;
			containerPortal = 844C3B921F90C9D8008850C2 /* Charts.xcodeproj */;
			proxyType = 2;
			remoteGlobalIDString = 1CBBC58C6CE1EBEE9852CE41;
			remoteInfo = ChartsTests;
		};
		844C3B9D1F90C9EE008850C2 /* PBXContainerItemProxy */ = {
			isa = PBXContainerItemProxy;
			containerPortal = 844C3B921F90C9D8008850C2 /* Charts.xcodeproj */;
			proxyType = 1;
			remoteGlobalIDString = A58A4ED274A941CA248EA921;
			remoteInfo = Charts;
		};
/* End PBXContainerItemProxy section */

/* Begin PBXCopyFilesBuildPhase section */
		844C3B8D1F90C70B008850C2 /* Embed Frameworks */ = {
			isa = PBXCopyFilesBuildPhase;
			buildActionMask = 2147483647;
			dstPath = "";
			dstSubfolderSpec = 10;
			files = (
				844C3B9C1F90C9EE008850C2 /* Charts.framework in Embed Frameworks */,
			);
			name = "Embed Frameworks";
			runOnlyForDeploymentPostprocessing = 0;
		};
/* End PBXCopyFilesBuildPhase section */

/* Begin PBXFileReference section */
		844C3B4A1F90C6C2008850C2 /* ChartNewUse.app */ = {isa = PBXFileReference; explicitFileType = wrapper.application; includeInIndex = 0; path = ChartNewUse.app; sourceTree = BUILT_PRODUCTS_DIR; };
		844C3B4E1F90C6C2008850C2 /* main.m */ = {isa = PBXFileReference; lastKnownFileType = sourcecode.c.objc; path = main.m; sourceTree = "<group>"; };
		844C3B501F90C6C2008850C2 /* AppDelegate.h */ = {isa = PBXFileReference; lastKnownFileType = sourcecode.c.h; path = AppDelegate.h; sourceTree = "<group>"; };
		844C3B511F90C6C2008850C2 /* AppDelegate.m */ = {isa = PBXFileReference; lastKnownFileType = sourcecode.c.objc; path = AppDelegate.m; sourceTree = "<group>"; };
		844C3B531F90C6C2008850C2 /* ViewController.h */ = {isa = PBXFileReference; lastKnownFileType = sourcecode.c.h; path = ViewController.h; sourceTree = "<group>"; };
		844C3B541F90C6C2008850C2 /* ViewController.m */ = {isa = PBXFileReference; lastKnownFileType = sourcecode.c.objc; path = ViewController.m; sourceTree = "<group>"; };
		844C3B571F90C6C2008850C2 /* Base */ = {isa = PBXFileReference; lastKnownFileType = file.storyboard; name = Base; path = Base.lproj/Main.storyboard; sourceTree = "<group>"; };
		844C3B591F90C6C2008850C2 /* Assets.xcassets */ = {isa = PBXFileReference; lastKnownFileType = folder.assetcatalog; path = Assets.xcassets; sourceTree = "<group>"; };
		844C3B5C1F90C6C2008850C2 /* Base */ = {isa = PBXFileReference; lastKnownFileType = file.storyboard; name = Base; path = Base.lproj/LaunchScreen.storyboard; sourceTree = "<group>"; };
		844C3B5E1F90C6C2008850C2 /* Info.plist */ = {isa = PBXFileReference; lastKnownFileType = text.plist.xml; path = Info.plist; sourceTree = "<group>"; };
		844C3B631F90C6C2008850C2 /* ChartNewUseTests.xctest */ = {isa = PBXFileReference; explicitFileType = wrapper.cfbundle; includeInIndex = 0; path = ChartNewUseTests.xctest; sourceTree = BUILT_PRODUCTS_DIR; };
		844C3B671F90C6C2008850C2 /* ChartNewUseTests.m */ = {isa = PBXFileReference; lastKnownFileType = sourcecode.c.objc; path = ChartNewUseTests.m; sourceTree = "<group>"; };
		844C3B691F90C6C2008850C2 /* Info.plist */ = {isa = PBXFileReference; lastKnownFileType = text.plist.xml; path = Info.plist; sourceTree = "<group>"; };
		844C3B6E1F90C6C3008850C2 /* ChartNewUseUITests.xctest */ = {isa = PBXFileReference; explicitFileType = wrapper.cfbundle; includeInIndex = 0; path = ChartNewUseUITests.xctest; sourceTree = BUILT_PRODUCTS_DIR; };
		844C3B721F90C6C3008850C2 /* ChartNewUseUITests.m */ = {isa = PBXFileReference; lastKnownFileType = sourcecode.c.objc; path = ChartNewUseUITests.m; sourceTree = "<group>"; };
		844C3B741F90C6C3008850C2 /* Info.plist */ = {isa = PBXFileReference; lastKnownFileType = text.plist.xml; path = Info.plist; sourceTree = "<group>"; };
		844C3B8E1F90C7B2008850C2 /* ChartNewUse-Bridging-Header.h */ = {isa = PBXFileReference; lastKnownFileType = sourcecode.c.h; path = "ChartNewUse-Bridging-Header.h"; sourceTree = "<group>"; };
		844C3B8F1F90C7B2008850C2 /* my.swift */ = {isa = PBXFileReference; fileEncoding = 4; lastKnownFileType = sourcecode.swift; path = my.swift; sourceTree = "<group>"; };
		844C3B921F90C9D8008850C2 /* Charts.xcodeproj */ = {isa = PBXFileReference; lastKnownFileType = "wrapper.pb-project"; name = Charts.xcodeproj; path = "Charts-3.0.3/Charts.xcodeproj"; sourceTree = "<group>"; };
		844C3BA11F90CC75008850C2 /* Info.plist */ = {isa = PBXFileReference; fileEncoding = 4; lastKnownFileType = text.plist.xml; path = Info.plist; sourceTree = "<group>"; };
		844C3BA21F90CC75008850C2 /* MASCompositeConstraint.h */ = {isa = PBXFileReference; fileEncoding = 4; lastKnownFileType = sourcecode.c.h; path = MASCompositeConstraint.h; sourceTree = "<group>"; };
		844C3BA31F90CC75008850C2 /* MASCompositeConstraint.m */ = {isa = PBXFileReference; fileEncoding = 4; lastKnownFileType = sourcecode.c.objc; path = MASCompositeConstraint.m; sourceTree = "<group>"; };
		844C3BA41F90CC75008850C2 /* MASConstraint+Private.h */ = {isa = PBXFileReference; fileEncoding = 4; lastKnownFileType = sourcecode.c.h; path = "MASConstraint+Private.h"; sourceTree = "<group>"; };
		844C3BA51F90CC75008850C2 /* MASConstraint.h */ = {isa = PBXFileReference; fileEncoding = 4; lastKnownFileType = sourcecode.c.h; path = MASConstraint.h; sourceTree = "<group>"; };
		844C3BA61F90CC75008850C2 /* MASConstraint.m */ = {isa = PBXFileReference; fileEncoding = 4; lastKnownFileType = sourcecode.c.objc; path = MASConstraint.m; sourceTree = "<group>"; };
		844C3BA71F90CC75008850C2 /* MASConstraintMaker.h */ = {isa = PBXFileReference; fileEncoding = 4; lastKnownFileType = sourcecode.c.h; path = MASConstraintMaker.h; sourceTree = "<group>"; };
		844C3BA81F90CC75008850C2 /* MASConstraintMaker.m */ = {isa = PBXFileReference; fileEncoding = 4; lastKnownFileType = sourcecode.c.objc; path = MASConstraintMaker.m; sourceTree = "<group>"; };
		844C3BA91F90CC75008850C2 /* MASLayoutConstraint.h */ = {isa = PBXFileReference; fileEncoding = 4; lastKnownFileType = sourcecode.c.h; path = MASLayoutConstraint.h; sourceTree = "<group>"; };
		844C3BAA1F90CC75008850C2 /* MASLayoutConstraint.m */ = {isa = PBXFileReference; fileEncoding = 4; lastKnownFileType = sourcecode.c.objc; path = MASLayoutConstraint.m; sourceTree = "<group>"; };
		844C3BAB1F90CC75008850C2 /* Masonry.h */ = {isa = PBXFileReference; fileEncoding = 4; lastKnownFileType = sourcecode.c.h; path = Masonry.h; sourceTree = "<group>"; };
		844C3BAC1F90CC75008850C2 /* MASUtilities.h */ = {isa = PBXFileReference; fileEncoding = 4; lastKnownFileType = sourcecode.c.h; path = MASUtilities.h; sourceTree = "<group>"; };
		844C3BAD1F90CC75008850C2 /* MASViewAttribute.h */ = {isa = PBXFileReference; fileEncoding = 4; lastKnownFileType = sourcecode.c.h; path = MASViewAttribute.h; sourceTree = "<group>"; };
		844C3BAE1F90CC75008850C2 /* MASViewAttribute.m */ = {isa = PBXFileReference; fileEncoding = 4; lastKnownFileType = sourcecode.c.objc; path = MASViewAttribute.m; sourceTree = "<group>"; };
		844C3BAF1F90CC75008850C2 /* MASViewConstraint.h */ = {isa = PBXFileReference; fileEncoding = 4; lastKnownFileType = sourcecode.c.h; path = MASViewConstraint.h; sourceTree = "<group>"; };
		844C3BB01F90CC75008850C2 /* MASViewConstraint.m */ = {isa = PBXFileReference; fileEncoding = 4; lastKnownFileType = sourcecode.c.objc; path = MASViewConstraint.m; sourceTree = "<group>"; };
		844C3BB11F90CC75008850C2 /* NSArray+MASAdditions.h */ = {isa = PBXFileReference; fileEncoding = 4; lastKnownFileType = sourcecode.c.h; path = "NSArray+MASAdditions.h"; sourceTree = "<group>"; };
		844C3BB21F90CC75008850C2 /* NSArray+MASAdditions.m */ = {isa = PBXFileReference; fileEncoding = 4; lastKnownFileType = sourcecode.c.objc; path = "NSArray+MASAdditions.m"; sourceTree = "<group>"; };
		844C3BB31F90CC75008850C2 /* NSArray+MASShorthandAdditions.h */ = {isa = PBXFileReference; fileEncoding = 4; lastKnownFileType = sourcecode.c.h; path = "NSArray+MASShorthandAdditions.h"; sourceTree = "<group>"; };
		844C3BB41F90CC75008850C2 /* NSLayoutConstraint+MASDebugAdditions.h */ = {isa = PBXFileReference; fileEncoding = 4; lastKnownFileType = sourcecode.c.h; path = "NSLayoutConstraint+MASDebugAdditions.h"; sourceTree = "<group>"; };
		844C3BB51F90CC75008850C2 /* NSLayoutConstraint+MASDebugAdditions.m */ = {isa = PBXFileReference; fileEncoding = 4; lastKnownFileType = sourcecode.c.objc; path = "NSLayoutConstraint+MASDebugAdditions.m"; sourceTree = "<group>"; };
		844C3BB61F90CC75008850C2 /* View+MASAdditions.h */ = {isa = PBXFileReference; fileEncoding = 4; lastKnownFileType = sourcecode.c.h; path = "View+MASAdditions.h"; sourceTree = "<group>"; };
		844C3BB71F90CC75008850C2 /* View+MASAdditions.m */ = {isa = PBXFileReference; fileEncoding = 4; lastKnownFileType = sourcecode.c.objc; path = "View+MASAdditions.m"; sourceTree = "<group>"; };
		844C3BB81F90CC75008850C2 /* View+MASShorthandAdditions.h */ = {isa = PBXFileReference; fileEncoding = 4; lastKnownFileType = sourcecode.c.h; path = "View+MASShorthandAdditions.h"; sourceTree = "<group>"; };
		844C3BB91F90CC75008850C2 /* ViewController+MASAdditions.h */ = {isa = PBXFileReference; fileEncoding = 4; lastKnownFileType = sourcecode.c.h; path = "ViewController+MASAdditions.h"; sourceTree = "<group>"; };
		844C3BBA1F90CC75008850C2 /* ViewController+MASAdditions.m */ = {isa = PBXFileReference; fileEncoding = 4; lastKnownFileType = sourcecode.c.objc; path = "ViewController+MASAdditions.m"; sourceTree = "<group>"; };
		844C3BBD1F90CC75008850C2 /* ViewController.xib */ = {isa = PBXFileReference; fileEncoding = 4; lastKnownFileType = file.xib; path = ViewController.xib; sourceTree = "<group>"; };
/* End PBXFileReference section */

/* Begin PBXFrameworksBuildPhase section */
		844C3B471F90C6C2008850C2 /* Frameworks */ = {
			isa = PBXFrameworksBuildPhase;
			buildActionMask = 2147483647;
			files = (
				844C3B9B1F90C9EE008850C2 /* Charts.framework in Frameworks */,
			);
			runOnlyForDeploymentPostprocessing = 0;
		};
		844C3B601F90C6C2008850C2 /* Frameworks */ = {
			isa = PBXFrameworksBuildPhase;
			buildActionMask = 2147483647;
			files = (
			);
			runOnlyForDeploymentPostprocessing = 0;
		};
		844C3B6B1F90C6C3008850C2 /* Frameworks */ = {
			isa = PBXFrameworksBuildPhase;
			buildActionMask = 2147483647;
			files = (
			);
			runOnlyForDeploymentPostprocessing = 0;
		};
/* End PBXFrameworksBuildPhase section */

/* Begin PBXGroup section */
		844C3B411F90C6C2008850C2 = {
			isa = PBXGroup;
			children = (
				844C3B4C1F90C6C2008850C2 /* ChartNewUse */,
				844C3B661F90C6C2008850C2 /* ChartNewUseTests */,
				844C3B711F90C6C3008850C2 /* ChartNewUseUITests */,
				844C3B4B1F90C6C2008850C2 /* Products */,
			);
			sourceTree = "<group>";
		};
		844C3B4B1F90C6C2008850C2 /* Products */ = {
			isa = PBXGroup;
			children = (
				844C3B4A1F90C6C2008850C2 /* ChartNewUse.app */,
				844C3B631F90C6C2008850C2 /* ChartNewUseTests.xctest */,
				844C3B6E1F90C6C3008850C2 /* ChartNewUseUITests.xctest */,
			);
			name = Products;
			sourceTree = "<group>";
		};
		844C3B4C1F90C6C2008850C2 /* ChartNewUse */ = {
			isa = PBXGroup;
			children = (
				844C3BA01F90CC75008850C2 /* Masonry */,
				844C3B921F90C9D8008850C2 /* Charts.xcodeproj */,
				844C3B501F90C6C2008850C2 /* AppDelegate.h */,
				844C3B511F90C6C2008850C2 /* AppDelegate.m */,
				844C3B531F90C6C2008850C2 /* ViewController.h */,
				844C3B541F90C6C2008850C2 /* ViewController.m */,
				844C3B561F90C6C2008850C2 /* Main.storyboard */,
				844C3B8F1F90C7B2008850C2 /* my.swift */,
				844C3B591F90C6C2008850C2 /* Assets.xcassets */,
				844C3B5B1F90C6C2008850C2 /* LaunchScreen.storyboard */,
				844C3B5E1F90C6C2008850C2 /* Info.plist */,
				844C3B4D1F90C6C2008850C2 /* Supporting Files */,
				844C3B8E1F90C7B2008850C2 /* ChartNewUse-Bridging-Header.h */,
			);
			path = ChartNewUse;
			sourceTree = "<group>";
		};
		844C3B4D1F90C6C2008850C2 /* Supporting Files */ = {
			isa = PBXGroup;
			children = (
				844C3B4E1F90C6C2008850C2 /* main.m */,
			);
			name = "Supporting Files";
			sourceTree = "<group>";
		};
		844C3B661F90C6C2008850C2 /* ChartNewUseTests */ = {
			isa = PBXGroup;
			children = (
				844C3B671F90C6C2008850C2 /* ChartNewUseTests.m */,
				844C3B691F90C6C2008850C2 /* Info.plist */,
			);
			path = ChartNewUseTests;
			sourceTree = "<group>";
		};
		844C3B711F90C6C3008850C2 /* ChartNewUseUITests */ = {
			isa = PBXGroup;
			children = (
				844C3B721F90C6C3008850C2 /* ChartNewUseUITests.m */,
				844C3B741F90C6C3008850C2 /* Info.plist */,
			);
			path = ChartNewUseUITests;
			sourceTree = "<group>";
		};
		844C3B931F90C9D8008850C2 /* Products */ = {
			isa = PBXGroup;
			children = (
				844C3B981F90C9D8008850C2 /* Charts.framework */,
				844C3B9A1F90C9D8008850C2 /* ChartsTests.xctest */,
			);
			name = Products;
			sourceTree = "<group>";
		};
		844C3BA01F90CC75008850C2 /* Masonry */ = {
			isa = PBXGroup;
			children = (
				844C3BA11F90CC75008850C2 /* Info.plist */,
				844C3BA21F90CC75008850C2 /* MASCompositeConstraint.h */,
				844C3BA31F90CC75008850C2 /* MASCompositeConstraint.m */,
				844C3BA41F90CC75008850C2 /* MASConstraint+Private.h */,
				844C3BA51F90CC75008850C2 /* MASConstraint.h */,
				844C3BA61F90CC75008850C2 /* MASConstraint.m */,
				844C3BA71F90CC75008850C2 /* MASConstraintMaker.h */,
				844C3BA81F90CC75008850C2 /* MASConstraintMaker.m */,
				844C3BA91F90CC75008850C2 /* MASLayoutConstraint.h */,
				844C3BAA1F90CC75008850C2 /* MASLayoutConstraint.m */,
				844C3BAB1F90CC75008850C2 /* Masonry.h */,
				844C3BAC1F90CC75008850C2 /* MASUtilities.h */,
				844C3BAD1F90CC75008850C2 /* MASViewAttribute.h */,
				844C3BAE1F90CC75008850C2 /* MASViewAttribute.m */,
				844C3BAF1F90CC75008850C2 /* MASViewConstraint.h */,
				844C3BB01F90CC75008850C2 /* MASViewConstraint.m */,
				844C3BB11F90CC75008850C2 /* NSArray+MASAdditions.h */,
				844C3BB21F90CC75008850C2 /* NSArray+MASAdditions.m */,
				844C3BB31F90CC75008850C2 /* NSArray+MASShorthandAdditions.h */,
				844C3BB41F90CC75008850C2 /* NSLayoutConstraint+MASDebugAdditions.h */,
				844C3BB51F90CC75008850C2 /* NSLayoutConstraint+MASDebugAdditions.m */,
				844C3BB61F90CC75008850C2 /* View+MASAdditions.h */,
				844C3BB71F90CC75008850C2 /* View+MASAdditions.m */,
				844C3BB81F90CC75008850C2 /* View+MASShorthandAdditions.h */,
				844C3BB91F90CC75008850C2 /* ViewController+MASAdditions.h */,
				844C3BBA1F90CC75008850C2 /* ViewController+MASAdditions.m */,
				844C3BBD1F90CC75008850C2 /* ViewController.xib */,
			);
			path = Masonry;
			sourceTree = "<group>";
		};
/* End PBXGroup section */

/* Begin PBXNativeTarget section */
		844C3B491F90C6C2008850C2 /* ChartNewUse */ = {
			isa = PBXNativeTarget;
			buildConfigurationList = 844C3B771F90C6C3008850C2 /* Build configuration list for PBXNativeTarget "ChartNewUse" */;
			buildPhases = (
				844C3B461F90C6C2008850C2 /* Sources */,
				844C3B471F90C6C2008850C2 /* Frameworks */,
				844C3B481F90C6C2008850C2 /* Resources */,
				844C3B8D1F90C70B008850C2 /* Embed Frameworks */,
			);
			buildRules = (
			);
			dependencies = (
				844C3B9E1F90C9EE008850C2 /* PBXTargetDependency */,
			);
			name = ChartNewUse;
			productName = ChartNewUse;
			productReference = 844C3B4A1F90C6C2008850C2 /* ChartNewUse.app */;
			productType = "com.apple.product-type.application";
		};
		844C3B621F90C6C2008850C2 /* ChartNewUseTests */ = {
			isa = PBXNativeTarget;
			buildConfigurationList = 844C3B7A1F90C6C3008850C2 /* Build configuration list for PBXNativeTarget "ChartNewUseTests" */;
			buildPhases = (
				844C3B5F1F90C6C2008850C2 /* Sources */,
				844C3B601F90C6C2008850C2 /* Frameworks */,
				844C3B611F90C6C2008850C2 /* Resources */,
			);
			buildRules = (
			);
			dependencies = (
				844C3B651F90C6C2008850C2 /* PBXTargetDependency */,
			);
			name = ChartNewUseTests;
			productName = ChartNewUseTests;
			productReference = 844C3B631F90C6C2008850C2 /* ChartNewUseTests.xctest */;
			productType = "com.apple.product-type.bundle.unit-test";
		};
		844C3B6D1F90C6C3008850C2 /* ChartNewUseUITests */ = {
			isa = PBXNativeTarget;
			buildConfigurationList = 844C3B7D1F90C6C3008850C2 /* Build configuration list for PBXNativeTarget "ChartNewUseUITests" */;
			buildPhases = (
				844C3B6A1F90C6C3008850C2 /* Sources */,
				844C3B6B1F90C6C3008850C2 /* Frameworks */,
				844C3B6C1F90C6C3008850C2 /* Resources */,
			);
			buildRules = (
			);
			dependencies = (
				844C3B701F90C6C3008850C2 /* PBXTargetDependency */,
			);
			name = ChartNewUseUITests;
			productName = ChartNewUseUITests;
			productReference = 844C3B6E1F90C6C3008850C2 /* ChartNewUseUITests.xctest */;
			productType = "com.apple.product-type.bundle.ui-testing";
		};
/* End PBXNativeTarget section */

/* Begin PBXProject section */
		844C3B421F90C6C2008850C2 /* Project object */ = {
			isa = PBXProject;
			attributes = {
				LastUpgradeCheck = 0830;
				ORGANIZATIONNAME = "周灿华";
				TargetAttributes = {
					844C3B491F90C6C2008850C2 = {
						CreatedOnToolsVersion = 8.3.3;
						DevelopmentTeam = 3Z873943JA;
						LastSwiftMigration = 0830;
						ProvisioningStyle = Automatic;
					};
					844C3B621F90C6C2008850C2 = {
						CreatedOnToolsVersion = 8.3.3;
						ProvisioningStyle = Automatic;
						TestTargetID = 844C3B491F90C6C2008850C2;
					};
					844C3B6D1F90C6C3008850C2 = {
						CreatedOnToolsVersion = 8.3.3;
						ProvisioningStyle = Automatic;
						TestTargetID = 844C3B491F90C6C2008850C2;
					};
				};
			};
			buildConfigurationList = 844C3B451F90C6C2008850C2 /* Build configuration list for PBXProject "ChartNewUse" */;
			compatibilityVersion = "Xcode 3.2";
			developmentRegion = English;
			hasScannedForEncodings = 0;
			knownRegions = (
				en,
				Base,
			);
			mainGroup = 844C3B411F90C6C2008850C2;
			productRefGroup = 844C3B4B1F90C6C2008850C2 /* Products */;
			projectDirPath = "";
			projectReferences = (
				{
					ProductGroup = 844C3B931F90C9D8008850C2 /* Products */;
					ProjectRef = 844C3B921F90C9D8008850C2 /* Charts.xcodeproj */;
				},
			);
			projectRoot = "";
			targets = (
				844C3B491F90C6C2008850C2 /* ChartNewUse */,
				844C3B621F90C6C2008850C2 /* ChartNewUseTests */,
				844C3B6D1F90C6C3008850C2 /* ChartNewUseUITests */,
			);
		};
/* End PBXProject section */

/* Begin PBXReferenceProxy section */
		844C3B981F90C9D8008850C2 /* Charts.framework */ = {
			isa = PBXReferenceProxy;
			fileType = wrapper.framework;
			path = Charts.framework;
			remoteRef = 844C3B971F90C9D8008850C2 /* PBXContainerItemProxy */;
			sourceTree = BUILT_PRODUCTS_DIR;
		};
		844C3B9A1F90C9D8008850C2 /* ChartsTests.xctest */ = {
			isa = PBXReferenceProxy;
			fileType = wrapper.cfbundle;
			path = ChartsTests.xctest;
			remoteRef = 844C3B991F90C9D8008850C2 /* PBXContainerItemProxy */;
			sourceTree = BUILT_PRODUCTS_DIR;
		};
/* End PBXReferenceProxy section */

/* Begin PBXResourcesBuildPhase section */
		844C3B481F90C6C2008850C2 /* Resources */ = {
			isa = PBXResourcesBuildPhase;
			buildActionMask = 2147483647;
			files = (
				844C3BCA1F90CC75008850C2 /* ViewController.xib in Resources */,
				844C3BBE1F90CC75008850C2 /* Info.plist in Resources */,
				844C3B5D1F90C6C2008850C2 /* LaunchScreen.storyboard in Resources */,
				844C3B5A1F90C6C2008850C2 /* Assets.xcassets in Resources */,
				844C3B581F90C6C2008850C2 /* Main.storyboard in Resources */,
			);
			runOnlyForDeploymentPostprocessing = 0;
		};
		844C3B611F90C6C2008850C2 /* Resources */ = {
			isa = PBXResourcesBuildPhase;
			buildActionMask = 2147483647;
			files = (
			);
			runOnlyForDeploymentPostprocessing = 0;
		};
		844C3B6C1F90C6C3008850C2 /* Resources */ = {
			isa = PBXResourcesBuildPhase;
			buildActionMask = 2147483647;
			files = (
			);
			runOnlyForDeploymentPostprocessing = 0;
		};
/* End PBXResourcesBuildPhase section */

/* Begin PBXSourcesBuildPhase section */
		844C3B461F90C6C2008850C2 /* Sources */ = {
			isa = PBXSourcesBuildPhase;
			buildActionMask = 2147483647;
			files = (
				844C3BC11F90CC75008850C2 /* MASConstraintMaker.m in Sources */,
				844C3B551F90C6C2008850C2 /* ViewController.m in Sources */,
				844C3B901F90C7B2008850C2 /* my.swift in Sources */,
				844C3BC01F90CC75008850C2 /* MASConstraint.m in Sources */,
				844C3BC81F90CC75008850C2 /* ViewController+MASAdditions.m in Sources */,
				844C3BC21F90CC75008850C2 /* MASLayoutConstraint.m in Sources */,
				844C3BC51F90CC75008850C2 /* NSArray+MASAdditions.m in Sources */,
				844C3BC41F90CC75008850C2 /* MASViewConstraint.m in Sources */,
				844C3BC31F90CC75008850C2 /* MASViewAttribute.m in Sources */,
				844C3BC71F90CC75008850C2 /* View+MASAdditions.m in Sources */,
				844C3B521F90C6C2008850C2 /* AppDelegate.m in Sources */,
				844C3B4F1F90C6C2008850C2 /* main.m in Sources */,
				844C3BBF1F90CC75008850C2 /* MASCompositeConstraint.m in Sources */,
				844C3BC61F90CC75008850C2 /* NSLayoutConstraint+MASDebugAdditions.m in Sources */,
			);
			runOnlyForDeploymentPostprocessing = 0;
		};
		844C3B5F1F90C6C2008850C2 /* Sources */ = {
			isa = PBXSourcesBuildPhase;
			buildActionMask = 2147483647;
			files = (
				844C3B681F90C6C2008850C2 /* ChartNewUseTests.m in Sources */,
			);
			runOnlyForDeploymentPostprocessing = 0;
		};
		844C3B6A1F90C6C3008850C2 /* Sources */ = {
			isa = PBXSourcesBuildPhase;
			buildActionMask = 2147483647;
			files = (
				844C3B731F90C6C3008850C2 /* ChartNewUseUITests.m in Sources */,
			);
			runOnlyForDeploymentPostprocessing = 0;
		};
/* End PBXSourcesBuildPhase section */

/* Begin PBXTargetDependency section */
		844C3B651F90C6C2008850C2 /* PBXTargetDependency */ = {
			isa = PBXTargetDependency;
			target = 844C3B491F90C6C2008850C2 /* ChartNewUse */;
			targetProxy = 844C3B641F90C6C2008850C2 /* PBXContainerItemProxy */;
		};
		844C3B701F90C6C3008850C2 /* PBXTargetDependency */ = {
			isa = PBXTargetDependency;
			target = 844C3B491F90C6C2008850C2 /* ChartNewUse */;
			targetProxy = 844C3B6F1F90C6C3008850C2 /* PBXContainerItemProxy */;
		};
		844C3B9E1F90C9EE008850C2 /* PBXTargetDependency */ = {
			isa = PBXTargetDependency;
			name = Charts;
			targetProxy = 844C3B9D1F90C9EE008850C2 /* PBXContainerItemProxy */;
		};
/* End PBXTargetDependency section */

/* Begin PBXVariantGroup section */
		844C3B561F90C6C2008850C2 /* Main.storyboard */ = {
			isa = PBXVariantGroup;
			children = (
				844C3B571F90C6C2008850C2 /* Base */,
			);
			name = Main.storyboard;
			sourceTree = "<group>";
		};
		844C3B5B1F90C6C2008850C2 /* LaunchScreen.storyboard */ = {
			isa = PBXVariantGroup;
			children = (
				844C3B5C1F90C6C2008850C2 /* Base */,
			);
			name = LaunchScreen.storyboard;
			sourceTree = "<group>";
		};
/* End PBXVariantGroup section */

/* Begin XCBuildConfiguration section */
		844C3B751F90C6C3008850C2 /* Debug */ = {
			isa = XCBuildConfiguration;
			buildSettings = {
				ALWAYS_SEARCH_USER_PATHS = NO;
				CLANG_ANALYZER_NONNULL = YES;
				CLANG_ANALYZER_NUMBER_OBJECT_CONVERSION = YES_AGGRESSIVE;
				CLANG_CXX_LANGUAGE_STANDARD = "gnu++0x";
				CLANG_CXX_LIBRARY = "libc++";
				CLANG_ENABLE_MODULES = YES;
				CLANG_ENABLE_OBJC_ARC = YES;
				CLANG_WARN_BOOL_CONVERSION = YES;
				CLANG_WARN_CONSTANT_CONVERSION = YES;
				CLANG_WARN_DIRECT_OBJC_ISA_USAGE = YES_ERROR;
				CLANG_WARN_DOCUMENTATION_COMMENTS = YES;
				CLANG_WARN_EMPTY_BODY = YES;
				CLANG_WARN_ENUM_CONVERSION = YES;
				CLANG_WARN_INFINITE_RECURSION = YES;
				CLANG_WARN_INT_CONVERSION = YES;
				CLANG_WARN_OBJC_ROOT_CLASS = YES_ERROR;
				CLANG_WARN_SUSPICIOUS_MOVE = YES;
				CLANG_WARN_UNREACHABLE_CODE = YES;
				CLANG_WARN__DUPLICATE_METHOD_MATCH = YES;
				"CODE_SIGN_IDENTITY[sdk=iphoneos*]" = "iPhone Developer";
				COPY_PHASE_STRIP = NO;
				DEBUG_INFORMATION_FORMAT = dwarf;
				ENABLE_STRICT_OBJC_MSGSEND = YES;
				ENABLE_TESTABILITY = YES;
				GCC_C_LANGUAGE_STANDARD = gnu99;
				GCC_DYNAMIC_NO_PIC = NO;
				GCC_NO_COMMON_BLOCKS = YES;
				GCC_OPTIMIZATION_LEVEL = 0;
				GCC_PREPROCESSOR_DEFINITIONS = (
					"DEBUG=1",
					"$(inherited)",
				);
				GCC_WARN_64_TO_32_BIT_CONVERSION = YES;
				GCC_WARN_ABOUT_RETURN_TYPE = YES_ERROR;
				GCC_WARN_UNDECLARED_SELECTOR = YES;
				GCC_WARN_UNINITIALIZED_AUTOS = YES_AGGRESSIVE;
				GCC_WARN_UNUSED_FUNCTION = YES;
				GCC_WARN_UNUSED_VARIABLE = YES;
				IPHONEOS_DEPLOYMENT_TARGET = 10.3;
				MTL_ENABLE_DEBUG_INFO = YES;
				ONLY_ACTIVE_ARCH = YES;
				SDKROOT = iphoneos;
			};
			name = Debug;
		};
		844C3B761F90C6C3008850C2 /* Release */ = {
			isa = XCBuildConfiguration;
			buildSettings = {
				ALWAYS_SEARCH_USER_PATHS = NO;
				CLANG_ANALYZER_NONNULL = YES;
				CLANG_ANALYZER_NUMBER_OBJECT_CONVERSION = YES_AGGRESSIVE;
				CLANG_CXX_LANGUAGE_STANDARD = "gnu++0x";
				CLANG_CXX_LIBRARY = "libc++";
				CLANG_ENABLE_MODULES = YES;
				CLANG_ENABLE_OBJC_ARC = YES;
				CLANG_WARN_BOOL_CONVERSION = YES;
				CLANG_WARN_CONSTANT_CONVERSION = YES;
				CLANG_WARN_DIRECT_OBJC_ISA_USAGE = YES_ERROR;
				CLANG_WARN_DOCUMENTATION_COMMENTS = YES;
				CLANG_WARN_EMPTY_BODY = YES;
				CLANG_WARN_ENUM_CONVERSION = YES;
				CLANG_WARN_INFINITE_RECURSION = YES;
				CLANG_WARN_INT_CONVERSION = YES;
				CLANG_WARN_OBJC_ROOT_CLASS = YES_ERROR;
				CLANG_WARN_SUSPICIOUS_MOVE = YES;
				CLANG_WARN_UNREACHABLE_CODE = YES;
				CLANG_WARN__DUPLICATE_METHOD_MATCH = YES;
				"CODE_SIGN_IDENTITY[sdk=iphoneos*]" = "iPhone Developer";
				COPY_PHASE_STRIP = NO;
				DEBUG_INFORMATION_FORMAT = "dwarf-with-dsym";
				ENABLE_NS_ASSERTIONS = NO;
				ENABLE_STRICT_OBJC_MSGSEND = YES;
				GCC_C_LANGUAGE_STANDARD = gnu99;
				GCC_NO_COMMON_BLOCKS = YES;
				GCC_WARN_64_TO_32_BIT_CONVERSION = YES;
				GCC_WARN_ABOUT_RETURN_TYPE = YES_ERROR;
				GCC_WARN_UNDECLARED_SELECTOR = YES;
				GCC_WARN_UNINITIALIZED_AUTOS = YES_AGGRESSIVE;
				GCC_WARN_UNUSED_FUNCTION = YES;
				GCC_WARN_UNUSED_VARIABLE = YES;
				IPHONEOS_DEPLOYMENT_TARGET = 10.3;
				MTL_ENABLE_DEBUG_INFO = NO;
				SDKROOT = iphoneos;
				VALIDATE_PRODUCT = YES;
			};
			name = Release;
		};
		844C3B781F90C6C3008850C2 /* Debug */ = {
			isa = XCBuildConfiguration;
			buildSettings = {
				ALWAYS_EMBED_SWIFT_STANDARD_LIBRARIES = YES;
				ASSETCATALOG_COMPILER_APPICON_NAME = AppIcon;
				CLANG_ENABLE_MODULES = YES;
				DEVELOPMENT_TEAM = 3Z873943JA;
				INFOPLIST_FILE = ChartNewUse/Info.plist;
				LD_RUNPATH_SEARCH_PATHS = "$(inherited) @executable_path/Frameworks";
				PRODUCT_BUNDLE_IDENTIFIER = com.lotus.ChartNewUse;
				PRODUCT_NAME = "$(TARGET_NAME)";
				SWIFT_OBJC_BRIDGING_HEADER = "ChartNewUse/ChartNewUse-Bridging-Header.h";
				SWIFT_OPTIMIZATION_LEVEL = "-Onone";
				SWIFT_VERSION = 3.0;
			};
			name = Debug;
		};
		844C3B791F90C6C3008850C2 /* Release */ = {
			isa = XCBuildConfiguration;
			buildSettings = {
				ALWAYS_EMBED_SWIFT_STANDARD_LIBRARIES = YES;
				ASSETCATALOG_COMPILER_APPICON_NAME = AppIcon;
				CLANG_ENABLE_MODULES = YES;
				DEVELOPMENT_TEAM = 3Z873943JA;
				INFOPLIST_FILE = ChartNewUse/Info.plist;
				LD_RUNPATH_SEARCH_PATHS = "$(inherited) @executable_path/Frameworks";
				PRODUCT_BUNDLE_IDENTIFIER = com.lotus.ChartNewUse;
				PRODUCT_NAME = "$(TARGET_NAME)";
				SWIFT_OBJC_BRIDGING_HEADER = "ChartNewUse/ChartNewUse-Bridging-Header.h";
				SWIFT_VERSION = 3.0;
			};
			name = Release;
		};
		844C3B7B1F90C6C3008850C2 /* Debug */ = {
			isa = XCBuildConfiguration;
			buildSettings = {
				ALWAYS_EMBED_SWIFT_STANDARD_LIBRARIES = YES;
				BUNDLE_LOADER = "$(TEST_HOST)";
				INFOPLIST_FILE = ChartNewUseTests/Info.plist;
				LD_RUNPATH_SEARCH_PATHS = "$(inherited) @executable_path/Frameworks @loader_path/Frameworks";
				PRODUCT_BUNDLE_IDENTIFIER = com.lotus.ChartNewUseTests;
				PRODUCT_NAME = "$(TARGET_NAME)";
				TEST_HOST = "$(BUILT_PRODUCTS_DIR)/ChartNewUse.app/ChartNewUse";
			};
			name = Debug;
		};
		844C3B7C1F90C6C3008850C2 /* Release */ = {
			isa = XCBuildConfiguration;
			buildSettings = {
				ALWAYS_EMBED_SWIFT_STANDARD_LIBRARIES = YES;
				BUNDLE_LOADER = "$(TEST_HOST)";
				INFOPLIST_FILE = ChartNewUseTests/Info.plist;
				LD_RUNPATH_SEARCH_PATHS = "$(inherited) @executable_path/Frameworks @loader_path/Frameworks";
				PRODUCT_BUNDLE_IDENTIFIER = com.lotus.ChartNewUseTests;
				PRODUCT_NAME = "$(TARGET_NAME)";
				TEST_HOST = "$(BUILT_PRODUCTS_DIR)/ChartNewUse.app/ChartNewUse";
			};
			name = Release;
		};
		844C3B7E1F90C6C3008850C2 /* Debug */ = {
			isa = XCBuildConfiguration;
			buildSettings = {
				ALWAYS_EMBED_SWIFT_STANDARD_LIBRARIES = YES;
				INFOPLIST_FILE = ChartNewUseUITests/Info.plist;
				LD_RUNPATH_SEARCH_PATHS = "$(inherited) @executable_path/Frameworks @loader_path/Frameworks";
				PRODUCT_BUNDLE_IDENTIFIER = com.lotus.ChartNewUseUITests;
				PRODUCT_NAME = "$(TARGET_NAME)";
				TEST_TARGET_NAME = ChartNewUse;
			};
			name = Debug;
		};
		844C3B7F1F90C6C3008850C2 /* Release */ = {
			isa = XCBuildConfiguration;
			buildSettings = {
				ALWAYS_EMBED_SWIFT_STANDARD_LIBRARIES = YES;
				INFOPLIST_FILE = ChartNewUseUITests/Info.plist;
				LD_RUNPATH_SEARCH_PATHS = "$(inherited) @executable_path/Frameworks @loader_path/Frameworks";
				PRODUCT_BUNDLE_IDENTIFIER = com.lotus.ChartNewUseUITests;
				PRODUCT_NAME = "$(TARGET_NAME)";
				TEST_TARGET_NAME = ChartNewUse;
			};
			name = Release;
		};
/* End XCBuildConfiguration section */

/* Begin XCConfigurationList section */
		844C3B451F90C6C2008850C2 /* Build configuration list for PBXProject "ChartNewUse" */ = {
			isa = XCConfigurationList;
			buildConfigurations = (
				844C3B751F90C6C3008850C2 /* Debug */,
				844C3B761F90C6C3008850C2 /* Release */,
			);
			defaultConfigurationIsVisible = 0;
			defaultConfigurationName = Release;
		};
		844C3B771F90C6C3008850C2 /* Build configuration list for PBXNativeTarget "ChartNewUse" */ = {
			isa = XCConfigurationList;
			buildConfigurations = (
				844C3B781F90C6C3008850C2 /* Debug */,
				844C3B791F90C6C3008850C2 /* Release */,
			);
			defaultConfigurationIsVisible = 0;
		};
		844C3B7A1F90C6C3008850C2 /* Build configuration list for PBXNativeTarget "ChartNewUseTests" */ = {
			isa = XCConfigurationList;
			buildConfigurations = (
				844C3B7B1F90C6C3008850C2 /* Debug */,
				844C3B7C1F90C6C3008850C2 /* Release */,
			);
			defaultConfigurationIsVisible = 0;
		};
		844C3B7D1F90C6C3008850C2 /* Build configuration list for PBXNativeTarget "ChartNewUseUITests" */ = {
			isa = XCConfigurationList;
			buildConfigurations = (
				844C3B7E1F90C6C3008850C2 /* Debug */,
				844C3B7F1F90C6C3008850C2 /* Release */,
			);
			defaultConfigurationIsVisible = 0;
		};
/* End XCConfigurationList section */
	};
	rootObject = 844C3B421F90C6C2008850C2 /* Project object */;
}
